PODS:
  - android_intent (0.0.1):
    - Flutter
  - camera (0.0.1):
    - Flutter
  - contacts_service (0.2.1):
    - Flutter
  - Firebase/Analytics (6.18.0):
    - Firebase/Core
  - Firebase/Auth (6.18.0):
    - Firebase/CoreOnly
    - FirebaseAuth (~> 6.4.3)
  - Firebase/Core (6.18.0):
    - Firebase/CoreOnly
    - FirebaseAnalytics (= 6.3.0)
  - Firebase/CoreOnly (6.18.0):
    - FirebaseCore (= 6.6.3)
  - Firebase/MLVision (6.18.0):
    - Firebase/CoreOnly
    - FirebaseMLVision (~> 0.19.0)
  - Firebase/MLVisionBarcodeModel (6.18.0):
    - Firebase/CoreOnly
    - FirebaseMLVisionBarcodeModel (~> 0.19.0)
  - Firebase/MLVisionFaceModel (6.18.0):
    - Firebase/CoreOnly
    - FirebaseMLVisionFaceModel (~> 0.19.0)
  - Firebase/MLVisionLabelModel (6.18.0):
    - Firebase/CoreOnly
    - FirebaseMLVisionLabelModel (~> 0.19.0)
  - Firebase/MLVisionTextModel (6.18.0):
    - Firebase/CoreOnly
    - FirebaseMLVisionTextModel (~> 0.19.0)
  - Firebase/Storage (6.18.0):
    - Firebase/CoreOnly
    - FirebaseStorage (~> 3.5.0)
  - firebase_analytics (0.0.1):
    - Firebase/Analytics (~> 6.0)
    - Firebase/Core
    - Flutter
  - firebase_auth (0.0.1):
    - Firebase/Auth (~> 6.3)
    - Firebase/Core
    - Flutter
  - firebase_auth_web (0.1.0):
    - Flutter
  - firebase_core (0.0.1):
    - Firebase/Core
    - Flutter
  - firebase_core_web (0.1.0):
    - Flutter
  - firebase_ml_vision_raw_bytes (0.1.1):
    - Firebase/Core
    - Firebase/MLVision
    - Flutter
  - firebase_storage (0.0.1):
    - Firebase/Storage
    - Flutter
  - FirebaseAnalytics (6.3.0):
    - FirebaseCore (~> 6.6)
    - FirebaseInstallations (~> 1.1)
    - GoogleAppMeasurement (= 6.3.0)
    - GoogleUtilities/AppDelegateSwizzler (~> 6.0)
    - GoogleUtilities/MethodSwizzler (~> 6.0)
    - GoogleUtilities/Network (~> 6.0)
    - "GoogleUtilities/NSData+zlib (~> 6.0)"
    - nanopb (= 0.3.9011)
  - FirebaseAuth (6.4.3):
    - FirebaseAuthInterop (~> 1.0)
    - FirebaseCore (~> 6.6)
    - GoogleUtilities/AppDelegateSwizzler (~> 6.5)
    - GoogleUtilities/Environment (~> 6.5)
    - GTMSessionFetcher/Core (~> 1.1)
  - FirebaseAuthInterop (1.1.0)
  - FirebaseCore (6.6.3):
    - FirebaseCoreDiagnostics (~> 1.2)
    - FirebaseCoreDiagnosticsInterop (~> 1.2)
    - GoogleUtilities/Environment (~> 6.5)
    - GoogleUtilities/Logger (~> 6.5)
  - FirebaseCoreDiagnostics (1.2.1):
    - FirebaseCoreDiagnosticsInterop (~> 1.2)
    - GoogleDataTransportCCTSupport (~> 1.3)
    - GoogleUtilities/Environment (~> 6.5)
    - GoogleUtilities/Logger (~> 6.5)
    - nanopb (~> 0.3.901)
  - FirebaseCoreDiagnosticsInterop (1.2.0)
  - FirebaseInstallations (1.1.1):
    - FirebaseCore (~> 6.6)
    - GoogleUtilities/UserDefaults (~> 6.5)
    - PromisesObjC (~> 1.2)
  - FirebaseInstanceID (4.3.2):
    - FirebaseCore (~> 6.6)
    - FirebaseInstallations (~> 1.0)
    - GoogleUtilities/Environment (~> 6.5)
    - GoogleUtilities/UserDefaults (~> 6.5)
  - FirebaseMLCommon (0.19.0):
    - FirebaseCore (~> 6.3)
    - FirebaseInstanceID (~> 4.2)
    - GoogleToolboxForMac/Logger (~> 2.1)
    - "GoogleToolboxForMac/NSData+zlib (~> 2.1)"
    - "GoogleToolboxForMac/NSDictionary+URLArguments (~> 2.1)"
    - GoogleUtilities/UserDefaults (~> 6.0)
    - GTMSessionFetcher/Core (~> 1.1)
    - Protobuf (~> 3.5)
  - FirebaseMLVision (0.19.0):
    - FirebaseCore (~> 6.3)
    - FirebaseMLCommon (~> 0.19)
    - GoogleAPIClientForREST/Core (~> 1.3)
    - GoogleAPIClientForREST/Vision (~> 1.3)
    - GoogleToolboxForMac/Logger (~> 2.1)
    - "GoogleToolboxForMac/NSData+zlib (~> 2.1)"
    - GTMSessionFetcher/Core (~> 1.1)
    - Protobuf (~> 3.5)
  - FirebaseMLVisionBarcodeModel (0.19.0):
    - FirebaseMLVision (~> 0.19)
  - FirebaseMLVisionFaceModel (0.19.0):
    - FirebaseMLVision (~> 0.19)
  - FirebaseMLVisionLabelModel (0.19.0):
    - FirebaseMLVision (~> 0.19)
  - FirebaseMLVisionTextModel (0.19.0):
    - FirebaseMLVision (~> 0.19)
  - FirebaseStorage (3.5.0):
    - FirebaseAuthInterop (~> 1.0)
    - FirebaseCore (~> 6.0)
    - GTMSessionFetcher/Core (~> 1.1)
  - Flutter (1.0.0)
  - flutter_plugin_android_lifecycle (0.0.1):
    - Flutter
  - fluttertoast (0.0.2):
    - Flutter
  - FMDB (2.7.5):
    - FMDB/standard (= 2.7.5)
  - FMDB/standard (2.7.5)
  - "geolocator (5.3.2+2)":
    - Flutter
  - google_api_availability (2.0.4):
    - Flutter
  - google_map_location_picker (2.1.1):
    - Flutter
  - google_maps_flutter (0.0.1):
    - Flutter
    - GoogleMaps
  - GoogleAPIClientForREST/Core (1.3.11):
    - GTMSessionFetcher (>= 1.1.7)
  - GoogleAPIClientForREST/Vision (1.3.11):
    - GoogleAPIClientForREST/Core
    - GTMSessionFetcher (>= 1.1.7)
  - GoogleAppMeasurement (6.3.0):
    - GoogleUtilities/AppDelegateSwizzler (~> 6.0)
    - GoogleUtilities/MethodSwizzler (~> 6.0)
    - GoogleUtilities/Network (~> 6.0)
    - "GoogleUtilities/NSData+zlib (~> 6.0)"
    - nanopb (= 0.3.9011)
  - GoogleDataTransport (4.0.1)
  - GoogleDataTransportCCTSupport (1.4.1):
    - GoogleDataTransport (~> 4.0)
    - nanopb (~> 0.3.901)
  - GoogleMaps (3.8.0):
    - GoogleMaps/Maps (= 3.8.0)
  - GoogleMaps/Base (3.8.0)
  - GoogleMaps/Maps (3.8.0):
    - GoogleMaps/Base
  - GoogleToolboxForMac/DebugUtils (2.2.2):
    - GoogleToolboxForMac/Defines (= 2.2.2)
  - GoogleToolboxForMac/Defines (2.2.2)
  - GoogleToolboxForMac/Logger (2.2.2):
    - GoogleToolboxForMac/Defines (= 2.2.2)
  - "GoogleToolboxForMac/NSData+zlib (2.2.2)":
    - GoogleToolboxForMac/Defines (= 2.2.2)
  - "GoogleToolboxForMac/NSDictionary+URLArguments (2.2.2)":
    - GoogleToolboxForMac/DebugUtils (= 2.2.2)
    - GoogleToolboxForMac/Defines (= 2.2.2)
    - "GoogleToolboxForMac/NSString+URLArguments (= 2.2.2)"
  - "GoogleToolboxForMac/NSString+URLArguments (2.2.2)"
  - GoogleUtilities/AppDelegateSwizzler (6.5.1):
    - GoogleUtilities/Environment
    - GoogleUtilities/Logger
    - GoogleUtilities/Network
  - GoogleUtilities/Environment (6.5.1)
  - GoogleUtilities/Logger (6.5.1):
    - GoogleUtilities/Environment
  - GoogleUtilities/MethodSwizzler (6.5.1):
    - GoogleUtilities/Logger
  - GoogleUtilities/Network (6.5.1):
    - GoogleUtilities/Logger
    - "GoogleUtilities/NSData+zlib"
    - GoogleUtilities/Reachability
  - "GoogleUtilities/NSData+zlib (6.5.1)"
  - GoogleUtilities/Reachability (6.5.1):
    - GoogleUtilities/Logger
  - GoogleUtilities/UserDefaults (6.5.1):
    - GoogleUtilities/Logger
  - GTMSessionFetcher (1.3.1):
    - GTMSessionFetcher/Full (= 1.3.1)
  - GTMSessionFetcher/Core (1.3.1)
  - GTMSessionFetcher/Full (1.3.1):
    - GTMSessionFetcher/Core (= 1.3.1)
  - image_picker (0.0.1):
    - Flutter
  - libphonenumber (0.0.1):
    - Flutter
    - libPhoneNumber-iOS
  - libPhoneNumber-iOS (0.9.15)
  - location_permissions (3.0.0):
    - Flutter
  - nanopb (0.3.9011):
    - nanopb/decode (= 0.3.9011)
    - nanopb/encode (= 0.3.9011)
  - nanopb/decode (0.3.9011)
  - nanopb/encode (0.3.9011)
  - package_info (0.0.1):
    - Flutter
  - path_provider (0.0.1):
    - Flutter
  - path_provider_linux (0.0.1):
    - Flutter
  - path_provider_macos (0.0.1):
    - Flutter
  - "permission_handler (5.0.0+hotfix.8)":
    - Flutter
  - PromisesObjC (1.2.8)
  - Protobuf (3.11.4)
  - share (0.0.1):
    - Flutter
  - sqflite (0.0.1):
    - Flutter
    - FMDB (~> 2.7.2)
  - url_launcher (0.0.1):
    - Flutter
  - url_launcher_macos (0.0.1):
    - Flutter
  - url_launcher_web (0.0.1):
    - Flutter

DEPENDENCIES:
  - android_intent (from `.symlinks/plugins/android_intent/ios`)
  - camera (from `.symlinks/plugins/camera/ios`)
  - contacts_service (from `.symlinks/plugins/contacts_service/ios`)
  - Firebase/Analytics
  - Firebase/MLVisionBarcodeModel
  - Firebase/MLVisionFaceModel
  - Firebase/MLVisionLabelModel
  - Firebase/MLVisionTextModel
  - firebase_analytics (from `.symlinks/plugins/firebase_analytics/ios`)
  - firebase_auth (from `.symlinks/plugins/firebase_auth/ios`)
  - firebase_auth_web (from `.symlinks/plugins/firebase_auth_web/ios`)
  - firebase_core (from `.symlinks/plugins/firebase_core/ios`)
  - firebase_core_web (from `.symlinks/plugins/firebase_core_web/ios`)
  - firebase_ml_vision_raw_bytes (from `.symlinks/plugins/firebase_ml_vision_raw_bytes/ios`)
  - firebase_storage (from `.symlinks/plugins/firebase_storage/ios`)
  - Flutter (from `Flutter`)
  - flutter_plugin_android_lifecycle (from `.symlinks/plugins/flutter_plugin_android_lifecycle/ios`)
  - fluttertoast (from `.symlinks/plugins/fluttertoast/ios`)
  - geolocator (from `.symlinks/plugins/geolocator/ios`)
  - google_api_availability (from `.symlinks/plugins/google_api_availability/ios`)
  - google_map_location_picker (from `.symlinks/plugins/google_map_location_picker/ios`)
  - google_maps_flutter (from `.symlinks/plugins/google_maps_flutter/ios`)
  - image_picker (from `.symlinks/plugins/image_picker/ios`)
  - libphonenumber (from `.symlinks/plugins/libphonenumber/ios`)
  - location_permissions (from `.symlinks/plugins/location_permissions/ios`)
  - package_info (from `.symlinks/plugins/package_info/ios`)
  - path_provider (from `.symlinks/plugins/path_provider/ios`)
  - path_provider_linux (from `.symlinks/plugins/path_provider_linux/ios`)
  - path_provider_macos (from `.symlinks/plugins/path_provider_macos/ios`)
  - permission_handler (from `.symlinks/plugins/permission_handler/ios`)
  - share (from `.symlinks/plugins/share/ios`)
  - sqflite (from `.symlinks/plugins/sqflite/ios`)
  - url_launcher (from `.symlinks/plugins/url_launcher/ios`)
  - url_launcher_macos (from `.symlinks/plugins/url_launcher_macos/ios`)
  - url_launcher_web (from `.symlinks/plugins/url_launcher_web/ios`)

SPEC REPOS:
  trunk:
    - Firebase
    - FirebaseAnalytics
    - FirebaseAuth
    - FirebaseAuthInterop
    - FirebaseCore
    - FirebaseCoreDiagnostics
    - FirebaseCoreDiagnosticsInterop
    - FirebaseInstallations
    - FirebaseInstanceID
    - FirebaseMLCommon
    - FirebaseMLVision
    - FirebaseMLVisionBarcodeModel
    - FirebaseMLVisionFaceModel
    - FirebaseMLVisionLabelModel
    - FirebaseMLVisionTextModel
    - FirebaseStorage
    - FMDB
    - GoogleAPIClientForREST
    - GoogleAppMeasurement
    - GoogleDataTransport
    - GoogleDataTransportCCTSupport
    - GoogleMaps
    - GoogleToolboxForMac
    - GoogleUtilities
    - GTMSessionFetcher
    - libPhoneNumber-iOS
    - nanopb
    - PromisesObjC
    - Protobuf

EXTERNAL SOURCES:
  android_intent:
    :path: ".symlinks/plugins/android_intent/ios"
  camera:
    :path: ".symlinks/plugins/camera/ios"
  contacts_service:
    :path: ".symlinks/plugins/contacts_service/ios"
  firebase_analytics:
    :path: ".symlinks/plugins/firebase_analytics/ios"
  firebase_auth:
    :path: ".symlinks/plugins/firebase_auth/ios"
  firebase_auth_web:
    :path: ".symlinks/plugins/firebase_auth_web/ios"
  firebase_core:
    :path: ".symlinks/plugins/firebase_core/ios"
  firebase_core_web:
    :path: ".symlinks/plugins/firebase_core_web/ios"
  firebase_ml_vision_raw_bytes:
    :path: ".symlinks/plugins/firebase_ml_vision_raw_bytes/ios"
  firebase_storage:
    :path: ".symlinks/plugins/firebase_storage/ios"
  Flutter:
    :path: Flutter
  flutter_plugin_android_lifecycle:
    :path: ".symlinks/plugins/flutter_plugin_android_lifecycle/ios"
  fluttertoast:
    :path: ".symlinks/plugins/fluttertoast/ios"
  geolocator:
    :path: ".symlinks/plugins/geolocator/ios"
  google_api_availability:
    :path: ".symlinks/plugins/google_api_availability/ios"
  google_map_location_picker:
    :path: ".symlinks/plugins/google_map_location_picker/ios"
  google_maps_flutter:
    :path: ".symlinks/plugins/google_maps_flutter/ios"
  image_picker:
    :path: ".symlinks/plugins/image_picker/ios"
  libphonenumber:
    :path: ".symlinks/plugins/libphonenumber/ios"
  location_permissions:
    :path: ".symlinks/plugins/location_permissions/ios"
  package_info:
    :path: ".symlinks/plugins/package_info/ios"
  path_provider:
    :path: ".symlinks/plugins/path_provider/ios"
  path_provider_linux:
    :path: ".symlinks/plugins/path_provider_linux/ios"
  path_provider_macos:
    :path: ".symlinks/plugins/path_provider_macos/ios"
  permission_handler:
    :path: ".symlinks/plugins/permission_handler/ios"
  share:
    :path: ".symlinks/plugins/share/ios"
  sqflite:
    :path: ".symlinks/plugins/sqflite/ios"
  url_launcher:
    :path: ".symlinks/plugins/url_launcher/ios"
  url_launcher_macos:
    :path: ".symlinks/plugins/url_launcher_macos/ios"
  url_launcher_web:
    :path: ".symlinks/plugins/url_launcher_web/ios"

SPEC CHECKSUMS:
  android_intent: 367df2f1277a74e4a90e14a8ab3df3112d087052
  camera: 38cc83ae9a5667bb5a71c7d9edaf60a91920fd4e
  contacts_service: d212985196c101372bb55c42f41dae7be59ab811
  Firebase: 0490eca762a72e4f1582319539153897f1508dee
  firebase_analytics: c3f1a6c8189b737c4f2c677fec8432c475d08617
  firebase_auth: af8784c4d8d87c36f730a305f97bfbcb24db024b
  firebase_auth_web: 0955c07bcc06e84af76b9d4e32e6f31518f2d7de
  firebase_core: 335c02abd48672b7c83c683df833d0488a72e73e
  firebase_core_web: d501d8b946b60c8af265428ce483b0fff5ad52d1
  firebase_ml_vision_raw_bytes: 091b91d47f4b92ebd2129f8b94e84473f4efea90
  firebase_storage: 22966fce4aa6e8848cbaa017df62107cee29f327
  FirebaseAnalytics: 058d71e714a1a6804d9e0f25e3bb18e377a51579
  FirebaseAuth: 5ce2b03a3d7fe56b7a6e4c5ec7ff1522890b1d6f
  FirebaseAuthInterop: a0f37ae05833af156e72028f648d313f7e7592e9
  FirebaseCore: 78276943ad85e616dfa54dafa6c89512987d9d60
  FirebaseCoreDiagnostics: 2109d10c35e8289b1ee6cabf44d9ffb055620194
  FirebaseCoreDiagnosticsInterop: 296e2c5f5314500a850ad0b83e9e7c10b011a850
  FirebaseInstallations: acb3216eb9784d3b1d2d2d635ff74fa892cc0c44
  FirebaseInstanceID: 7ee0d6777013bb952f377b41965bf132b6a075be
  FirebaseMLCommon: 074a67e05122b1c9f6401a4e33b2cea3b4efd224
  FirebaseMLVision: 7a456009787690e3b53436092ae9b635563de8f3
  FirebaseMLVisionBarcodeModel: 96ef18a75ecdf867244ef2e75c8c1f01517667dc
  FirebaseMLVisionFaceModel: d6ba42000f263df52187aee936262bc2002b3389
  FirebaseMLVisionLabelModel: 7638a20d27219d5baa4b534a62375fc1d5bd077d
  FirebaseMLVisionTextModel: c264caa3100ca804580bf2a7c1cb9ff390d1f471
  FirebaseStorage: 6c5263796af3b1be82ed173598aade47535fe125
  Flutter: 0e3d915762c693b495b44d77113d4970485de6ec
  flutter_plugin_android_lifecycle: dc0b544e129eebb77a6bfb1239d4d1c673a60a35
  fluttertoast: b644586ef3b16f67fae9a1f8754cef6b2d6b634b
  FMDB: 2ce00b547f966261cd18927a3ddb07cb6f3db82a
  geolocator: f7622e0e7e2a24718285b73916d60c4a54b9f5b6
  google_api_availability: 15fa42a8cd83c0a6738507ffe6e87096f12abcb8
  google_map_location_picker: 01403f2fb025f6aedf0b36b5f15eccc9415a55f1
  google_maps_flutter: df4e7de95264aa0a2f11aac0fc7e313acb8ffc7e
  GoogleAPIClientForREST: 0f19a8280dfe6471f76016645d26eb5dae305101
  GoogleAppMeasurement: 39ecba10918b21c83877d392246157f65db351cf
  GoogleDataTransport: 653963cf5be60fb59cf051e070f0836fdc305f81
  GoogleDataTransportCCTSupport: 84e4d4bbab642f2e9d83ee65d78aca2b5527d314
  GoogleMaps: 7c8d66d70e4e8c300f43a7219d8fdaad7b325a9a
  GoogleToolboxForMac: 800648f8b3127618c1b59c7f97684427630c5ea3
  GoogleUtilities: 06eb53bb579efe7099152735900dd04bf09e7275
  GTMSessionFetcher: cea130bbfe5a7edc8d06d3f0d17288c32ffe9925
  image_picker: 66aa71bc96850a90590a35d4c4a2907b0d823109
  libphonenumber: bd14d5abfc5939ab0b0767234e2d8e2593af258e
  libPhoneNumber-iOS: 0a32a9525cf8744fe02c5206eb30d571e38f7d75
  location_permissions: 42abd62dcc866b92e06506772d2cc42d14be7bb0
  nanopb: 18003b5e52dab79db540fe93fe9579f399bd1ccd
  package_info: 873975fc26034f0b863a300ad47e7f1ac6c7ec62
  path_provider: abfe2b5c733d04e238b0d8691db0cfd63a27a93c
  path_provider_linux: 4d630dc393e1f20364f3e3b4a2ff41d9674a84e4
  path_provider_macos: f760a3c5b04357c380e2fddb6f9db6f3015897e0
  permission_handler: c2a19c5cb3ed2d7054fc4baa8ff1b86f5dcfedfd
  PromisesObjC: c119f3cd559f50b7ae681fa59dc1acd19173b7e6
  Protobuf: 176220c526ad8bd09ab1fb40a978eac3fef665f7
  share: 0b2c3e82132f5888bccca3351c504d0003b3b410
  sqflite: 4001a31ff81d210346b500c55b17f4d6c7589dd0
  url_launcher: 6fef411d543ceb26efce54b05a0a40bfd74cbbef
  url_launcher_macos: fd7894421cd39320dce5f292fc99ea9270b2a313
  url_launcher_web: e5527357f037c87560776e36436bf2b0288b965c

PODFILE CHECKSUM: 241f31b9040ffe32b4fc5dc11664305305b45306

COCOAPODS: 1.8.4
